{
  "version": 4,
  "terraform_version": "1.1.4",
  "serial": 241,
  "lineage": "d6748c08-32e5-8181-f61f-0974470bbf4f",
  "outputs": {},
  "resources": [
    {
      "mode": "managed",
      "type": "aws_s3_bucket",
      "name": "metis_s3",
      "provider": "provider[\"registry.terraform.io/hashicorp/aws\"]",
      "instances": [
        {
          "schema_version": 0,
          "attributes": {
            "acceleration_status": "",
            "acl": "private",
            "arn": "arn:aws:s3:::public-metis-static-content",
            "bucket": "public-metis-static-content",
            "bucket_domain_name": "public-metis-static-content.s3.amazonaws.com",
            "bucket_prefix": null,
            "bucket_regional_domain_name": "public-metis-static-content.s3.amazonaws.com",
            "cors_rule": [],
            "force_destroy": false,
            "grant": [],
            "hosted_zone_id": "Z3AQBSTGFYJSTF",
            "id": "public-metis-static-content",
            "lifecycle_rule": [],
            "logging": [],
            "object_lock_configuration": [],
            "policy": null,
            "region": "us-east-1",
            "replication_configuration": [],
            "request_payer": "BucketOwner",
            "server_side_encryption_configuration": [],
            "tags": {
              "App": "metis"
            },
            "tags_all": {
              "App": "metis",
              "Environment": "prod"
            },
            "versioning": [
              {
                "enabled": false,
                "mfa_delete": false
              }
            ],
            "website": [],
            "website_domain": null,
            "website_endpoint": null
          },
          "sensitive_attributes": [],
          "private": "bnVsbA=="
        }
      ]
    }
  ]
}
